
Microsoft Visual Studio Solution File, Format Version 12.00
# Visual Studio Version 17
VisualStudioVersion = 17.0.31903.59
MinimumVisualStudioVersion = 10.0.40219.1
Project("{2150E333-8FDC-42A3-9474-1A3956D46DE8}") = "src", "src", "{827E0CD3-B72D-47B6-A68D-7590B98EB39B}"
EndProject
Project("{FAE04EC0-301F-11D3-BF4B-00C04F79EFBC}") = "SpecWatch.Core", "src\SpecWatch.Core\SpecWatch.Core.csproj", "{4902612E-C5D8-4FEC-8BB2-803675EE4301}"
EndProject
Project("{FAE04EC0-301F-11D3-BF4B-00C04F79EFBC}") = "SpecWatch.Cli", "src\SpecWatch.Cli\SpecWatch.Cli.csproj", "{4E45969E-5AEB-414B-A0B8-AE7CED99E2C0}"
EndProject
Project("{FAE04EC0-301F-11D3-BF4B-00C04F79EFBC}") = "SpecWatch.AzureDevOps", "src\SpecWatch.AzureDevOps\SpecWatch.AzureDevOps.csproj", "{DD8C09EB-0AB3-4D95-BA84-DA393F9814F0}"
EndProject
Project("{2150E333-8FDC-42A3-9474-1A3956D46DE8}") = "tests", "tests", "{0AB3BF05-4346-4AA6-1389-037BE0695223}"
EndProject
Project("{FAE04EC0-301F-11D3-BF4B-00C04F79EFBC}") = "SpecWatch.Core.Tests", "tests\SpecWatch.Core.Tests\SpecWatch.Core.Tests.csproj", "{9EEA0424-B8EA-46A0-AB48-7B7294E1F96F}"
EndProject
Project("{FAE04EC0-301F-11D3-BF4B-00C04F79EFBC}") = "SpecWatch.Cli.Tests", "tests\SpecWatch.Cli.Tests\SpecWatch.Cli.Tests.csproj", "{769061BE-BDB2-4CAB-A07A-D30C55E549C5}"
EndProject
Global
	GlobalSection(SolutionConfigurationPlatforms) = preSolution
		Debug|Any CPU = Debug|Any CPU
		Debug|x64 = Debug|x64
		Debug|x86 = Debug|x86
		Release|Any CPU = Release|Any CPU
		Release|x64 = Release|x64
		Release|x86 = Release|x86
	EndGlobalSection
	GlobalSection(ProjectConfigurationPlatforms) = postSolution
		{4902612E-C5D8-4FEC-8BB2-803675EE4301}.Debug|Any CPU.ActiveCfg = Debug|Any CPU
		{4902612E-C5D8-4FEC-8BB2-803675EE4301}.Debug|Any CPU.Build.0 = Debug|Any CPU
		{4902612E-C5D8-4FEC-8BB2-803675EE4301}.Debug|x64.ActiveCfg = Debug|Any CPU
		{4902612E-C5D8-4FEC-8BB2-803675EE4301}.Debug|x64.Build.0 = Debug|Any CPU
		{4902612E-C5D8-4FEC-8BB2-803675EE4301}.Debug|x86.ActiveCfg = Debug|Any CPU
		{4902612E-C5D8-4FEC-8BB2-803675EE4301}.Debug|x86.Build.0 = Debug|Any CPU
		{4902612E-C5D8-4FEC-8BB2-803675EE4301}.Release|Any CPU.ActiveCfg = Release|Any CPU
		{4902612E-C5D8-4FEC-8BB2-803675EE4301}.Release|Any CPU.Build.0 = Release|Any CPU
		{4902612E-C5D8-4FEC-8BB2-803675EE4301}.Release|x64.ActiveCfg = Release|Any CPU
		{4902612E-C5D8-4FEC-8BB2-803675EE4301}.Release|x64.Build.0 = Release|Any CPU
		{4902612E-C5D8-4FEC-8BB2-803675EE4301}.Release|x86.ActiveCfg = Release|Any CPU
		{4902612E-C5D8-4FEC-8BB2-803675EE4301}.Release|x86.Build.0 = Release|Any CPU
		{4E45969E-5AEB-414B-A0B8-AE7CED99E2C0}.Debug|Any CPU.ActiveCfg = Debug|Any CPU
		{4E45969E-5AEB-414B-A0B8-AE7CED99E2C0}.Debug|Any CPU.Build.0 = Debug|Any CPU
		{4E45969E-5AEB-414B-A0B8-AE7CED99E2C0}.Debug|x64.ActiveCfg = Debug|Any CPU
		{4E45969E-5AEB-414B-A0B8-AE7CED99E2C0}.Debug|x64.Build.0 = Debug|Any CPU
		{4E45969E-5AEB-414B-A0B8-AE7CED99E2C0}.Debug|x86.ActiveCfg = Debug|Any CPU
		{4E45969E-5AEB-414B-A0B8-AE7CED99E2C0}.Debug|x86.Build.0 = Debug|Any CPU
		{4E45969E-5AEB-414B-A0B8-AE7CED99E2C0}.Release|Any CPU.ActiveCfg = Release|Any CPU
		{4E45969E-5AEB-414B-A0B8-AE7CED99E2C0}.Release|Any CPU.Build.0 = Release|Any CPU
		{4E45969E-5AEB-414B-A0B8-AE7CED99E2C0}.Release|x64.ActiveCfg = Release|Any CPU
		{4E45969E-5AEB-414B-A0B8-AE7CED99E2C0}.Release|x64.Build.0 = Release|Any CPU
		{4E45969E-5AEB-414B-A0B8-AE7CED99E2C0}.Release|x86.ActiveCfg = Release|Any CPU
		{4E45969E-5AEB-414B-A0B8-AE7CED99E2C0}.Release|x86.Build.0 = Release|Any CPU
		{DD8C09EB-0AB3-4D95-BA84-DA393F9814F0}.Debug|Any CPU.ActiveCfg = Debug|Any CPU
		{DD8C09EB-0AB3-4D95-BA84-DA393F9814F0}.Debug|Any CPU.Build.0 = Debug|Any CPU
		{DD8C09EB-0AB3-4D95-BA84-DA393F9814F0}.Debug|x64.ActiveCfg = Debug|Any CPU
		{DD8C09EB-0AB3-4D95-BA84-DA393F9814F0}.Debug|x64.Build.0 = Debug|Any CPU
		{DD8C09EB-0AB3-4D95-BA84-DA393F9814F0}.Debug|x86.ActiveCfg = Debug|Any CPU
		{DD8C09EB-0AB3-4D95-BA84-DA393F9814F0}.Debug|x86.Build.0 = Debug|Any CPU
		{DD8C09EB-0AB3-4D95-BA84-DA393F9814F0}.Release|Any CPU.ActiveCfg = Release|Any CPU
		{DD8C09EB-0AB3-4D95-BA84-DA393F9814F0}.Release|Any CPU.Build.0 = Release|Any CPU
		{DD8C09EB-0AB3-4D95-BA84-DA393F9814F0}.Release|x64.ActiveCfg = Release|Any CPU
		{DD8C09EB-0AB3-4D95-BA84-DA393F9814F0}.Release|x64.Build.0 = Release|Any CPU
		{DD8C09EB-0AB3-4D95-BA84-DA393F9814F0}.Release|x86.ActiveCfg = Release|Any CPU
		{DD8C09EB-0AB3-4D95-BA84-DA393F9814F0}.Release|x86.Build.0 = Release|Any CPU
		{9EEA0424-B8EA-46A0-AB48-7B7294E1F96F}.Debug|Any CPU.ActiveCfg = Debug|Any CPU
		{9EEA0424-B8EA-46A0-AB48-7B7294E1F96F}.Debug|Any CPU.Build.0 = Debug|Any CPU
		{9EEA0424-B8EA-46A0-AB48-7B7294E1F96F}.Debug|x64.ActiveCfg = Debug|Any CPU
		{9EEA0424-B8EA-46A0-AB48-7B7294E1F96F}.Debug|x64.Build.0 = Debug|Any CPU
		{9EEA0424-B8EA-46A0-AB48-7B7294E1F96F}.Debug|x86.ActiveCfg = Debug|Any CPU
		{9EEA0424-B8EA-46A0-AB48-7B7294E1F96F}.Debug|x86.Build.0 = Debug|Any CPU
		{9EEA0424-B8EA-46A0-AB48-7B7294E1F96F}.Release|Any CPU.ActiveCfg = Release|Any CPU
		{9EEA0424-B8EA-46A0-AB48-7B7294E1F96F}.Release|Any CPU.Build.0 = Release|Any CPU
		{9EEA0424-B8EA-46A0-AB48-7B7294E1F96F}.Release|x64.ActiveCfg = Release|Any CPU
		{9EEA0424-B8EA-46A0-AB48-7B7294E1F96F}.Release|x64.Build.0 = Release|Any CPU
		{9EEA0424-B8EA-46A0-AB48-7B7294E1F96F}.Release|x86.ActiveCfg = Release|Any CPU
		{9EEA0424-B8EA-46A0-AB48-7B7294E1F96F}.Release|x86.Build.0 = Release|Any CPU
		{769061BE-BDB2-4CAB-A07A-D30C55E549C5}.Debug|Any CPU.ActiveCfg = Debug|Any CPU
		{769061BE-BDB2-4CAB-A07A-D30C55E549C5}.Debug|Any CPU.Build.0 = Debug|Any CPU
		{769061BE-BDB2-4CAB-A07A-D30C55E549C5}.Debug|x64.ActiveCfg = Debug|Any CPU
		{769061BE-BDB2-4CAB-A07A-D30C55E549C5}.Debug|x64.Build.0 = Debug|Any CPU
		{769061BE-BDB2-4CAB-A07A-D30C55E549C5}.Debug|x86.ActiveCfg = Debug|Any CPU
		{769061BE-BDB2-4CAB-A07A-D30C55E549C5}.Debug|x86.Build.0 = Debug|Any CPU
		{769061BE-BDB2-4CAB-A07A-D30C55E549C5}.Release|Any CPU.ActiveCfg = Release|Any CPU
		{769061BE-BDB2-4CAB-A07A-D30C55E549C5}.Release|Any CPU.Build.0 = Release|Any CPU
		{769061BE-BDB2-4CAB-A07A-D30C55E549C5}.Release|x64.ActiveCfg = Release|Any CPU
		{769061BE-BDB2-4CAB-A07A-D30C55E549C5}.Release|x64.Build.0 = Release|Any CPU
		{769061BE-BDB2-4CAB-A07A-D30C55E549C5}.Release|x86.ActiveCfg = Release|Any CPU
		{769061BE-BDB2-4CAB-A07A-D30C55E549C5}.Release|x86.Build.0 = Release|Any CPU
	EndGlobalSection
	GlobalSection(SolutionProperties) = preSolution
		HideSolutionNode = FALSE
	EndGlobalSection
	GlobalSection(NestedProjects) = preSolution
		{4902612E-C5D8-4FEC-8BB2-803675EE4301} = {827E0CD3-B72D-47B6-A68D-7590B98EB39B}
		{4E45969E-5AEB-414B-A0B8-AE7CED99E2C0} = {827E0CD3-B72D-47B6-A68D-7590B98EB39B}
		{DD8C09EB-0AB3-4D95-BA84-DA393F9814F0} = {827E0CD3-B72D-47B6-A68D-7590B98EB39B}
		{9EEA0424-B8EA-46A0-AB48-7B7294E1F96F} = {0AB3BF05-4346-4AA6-1389-037BE0695223}
		{769061BE-BDB2-4CAB-A07A-D30C55E549C5} = {0AB3BF05-4346-4AA6-1389-037BE0695223}
	EndGlobalSection
EndGlobal
